// !$*UTF8*$!
{
	archiveVersion = 1;
	classes = {
	};
	objectVersion = 46;
	objects = {

/* Begin PBXBuildFile section */
		178D570F1DAAC014001F5562 /* AppDelegate.swift in Sources */ = {isa = PBXBuildFile; fileRef = 178D570E1DAAC014001F5562 /* AppDelegate.swift */; };
		178D57111DAAC014001F5562 /* ViewController.swift in Sources */ = {isa = PBXBuildFile; fileRef = 178D57101DAAC014001F5562 /* ViewController.swift */; };
		178D57141DAAC015001F5562 /* Main.storyboard in Resources */ = {isa = PBXBuildFile; fileRef = 178D57121DAAC015001F5562 /* Main.storyboard */; };
		178D57161DAAC015001F5562 /* Assets.xcassets in Resources */ = {isa = PBXBuildFile; fileRef = 178D57151DAAC015001F5562 /* Assets.xcassets */; };
		178D57191DAAC015001F5562 /* LaunchScreen.storyboard in Resources */ = {isa = PBXBuildFile; fileRef = 178D57171DAAC015001F5562 /* LaunchScreen.storyboard */; };
/* End PBXBuildFile section */

/* Begin PBXFileReference section */
		178D570B1DAAC014001F5562 /* zip.app */ = {isa = PBXFileReference; explicitFileType = wrapper.application; includeInIndex = 0; path = zip.app; sourceTree = BUILT_PRODUCTS_DIR; };
		178D570E1DAAC014001F5562 /* AppDelegate.swift */ = {isa = PBXFileReference; lastKnownFileType = sourcecode.swift; path = AppDelegate.swift; sourceTree = "<group>"; };
		178D57101DAAC014001F5562 /* ViewController.swift */ = {isa = PBXFileReference; lastKnownFileType = sourcecode.swift; path = ViewController.swift; sourceTree = "<group>"; };
		178D57131DAAC015001F5562 /* Base */ = {isa = PBXFileReference; lastKnownFileType = file.storyboard; name = Base; path = Base.lproj/Main.storyboard; sourceTree = "<group>"; };
		178D57151DAAC015001F5562 /* Assets.xcassets */ = {isa = PBXFileReference; lastKnownFileType = folder.assetcatalog; path = Assets.xcassets; sourceTree = "<group>"; };
		178D57181DAAC015001F5562 /* Base */ = {isa = PBXFileReference; lastKnownFileType = file.storyboard; name = Base; path = Base.lproj/LaunchScreen.storyboard; sourceTree = "<group>"; };
		178D571A1DAAC015001F5562 /* Info.plist */ = {isa = PBXFileReference; lastKnownFileType = text.plist.xml; path = Info.plist; sourceTree = "<group>"; };
/* End PBXFileReference section */

/* Begin PBXFrameworksBuildPhase section */
		178D57081DAAC013001F5562 /* Frameworks */ = {
			isa = PBXFrameworksBuildPhase;
			buildActionMask = 2147483647;
			files = (
			);
			runOnlyForDeploymentPostprocessing = 0;
		};
/* End PBXFrameworksBuildPhase section */

/* Begin PBXGroup section */
		178D57021DAAC013001F5562 = {
			isa = PBXGroup;
			children = (
				178D570D1DAAC014001F5562 /* zip */,
				178D570C1DAAC014001F5562 /* Products */,
			);
			sourceTree = "<group>";
		};
		178D570C1DAAC014001F5562 /* Products */ = {
			isa = PBXGroup;
			children = (
				178D570B1DAAC014001F5562 /* zip.app */,
			);
			name = Products;
			sourceTree = "<group>";
		};
		178D570D1DAAC014001F5562 /* zip */ = {
			isa = PBXGroup;
			children = (
				178D570E1DAAC014001F5562 /* AppDelegate.swift */,
				178D57101DAAC014001F5562 /* ViewController.swift */,
				178D57121DAAC015001F5562 /* Main.storyboard */,
				178D57151DAAC015001F5562 /* Assets.xcassets */,
				178D57171DAAC015001F5562 /* LaunchScreen.storyboard */,
				178D571A1DAAC015001F5562 /* Info.plist */,
			);
			path = zip;
			sourceTree = "<group>";
		};
/* End PBXGroup section */

/* Begin PBXNativeTarget section */
		178D570A1DAAC013001F5562 /* zip */ = {
			isa = PBXNativeTarget;
			buildConfigurationList = 178D571D1DAAC015001F5562 /* Build configuration list for PBXNativeTarget "zip" */;
			buildPhases = (
				178D57071DAAC013001F5562 /* Sources */,
				178D57081DAAC013001F5562 /* Frameworks */,
				178D57091DAAC013001F5562 /* Resources */,
			);
			buildRules = (
			);
			dependencies = (
			);
			name = zip;
			productName = zip;
			productReference = 178D570B1DAAC014001F5562 /* zip.app */;
			productType = "com.apple.product-type.application";
		};
/* End PBXNativeTarget section */

/* Begin PBXProject section */
		178D57031DAAC013001F5562 /* Project object */ = {
			isa = PBXProject;
			attributes = {
				LastSwiftUpdateCheck = 0810;
				LastUpgradeCheck = 0810;
				ORGANIZATIONNAME = "Martin Skogum";
				TargetAttributes = {
					178D570A1DAAC013001F5562 = {
						CreatedOnToolsVersion = 8.1;
						ProvisioningStyle = Automatic;
					};
				};
			};
			buildConfigurationList = 178D57061DAAC013001F5562 /* Build configuration list for PBXProject "zip" */;
			compatibilityVersion = "Xcode 3.2";
			developmentRegion = English;
			hasScannedForEncodings = 0;
			knownRegions = (
				en,
				Base,
			);
			mainGroup = 178D57021DAAC013001F5562;
			productRefGroup = 178D570C1DAAC014001F5562 /* Products */;
			projectDirPath = "";
			projectRoot = "";
			targets = (
				178D570A1DAAC013001F5562 /* zip */,
			);
		};
/* End PBXProject section */

/* Begin PBXResourcesBuildPhase section */
		178D57091DAAC013001F5562 /* Resources */ = {
			isa = PBXResourcesBuildPhase;
			buildActionMask = 2147483647;
			files = (
				178D57191DAAC015001F5562 /* LaunchScreen.storyboard in Resources */,
				178D57161DAAC015001F5562 /* Assets.xcassets in Resources */,
				178D57141DAAC015001F5562 /* Main.storyboard in Resources */,
			);
			runOnlyForDeploymentPostprocessing = 0;
		};
/* End PBXResourcesBuildPhase section */

/* Begin PBXSourcesBuildPhase section */
		178D57071DAAC013001F5562 /* Sources */ = {
			isa = PBXSourcesBuildPhase;
			buildActionMask = 2147483647;
			files = (
				178D57111DAAC014001F5562 /* ViewController.swift in Sources */,
				178D570F1DAAC014001F5562 /* AppDelegate.swift in Sources */,
			);
			runOnlyForDeploymentPostprocessing = 0;
		};
/* End PBXSourcesBuildPhase section */

/* Begin PBXVariantGroup section */
		178D57121DAAC015001F5562 /* Main.storyboard */ = {
			isa = PBXVariantGroup;
			children = (
				178D57131DAAC015001F5562 /* Base */,
			);
			name = Main.storyboard;
			sourceTree = "<group>";
		};
		178D57171DAAC015001F5562 /* LaunchScreen.storyboard */ = {
			isa = PBXVariantGroup;
			children = (
				178D57181DAAC015001F5562 /* Base */,
			);
			name = LaunchScreen.storyboard;
			sourceTree = "<group>";
		};
/* End PBXVariantGroup section */

/* Begin XCBuildConfiguration section */
		178D571B1DAAC015001F5562 /* Debug */ = {
			isa = XCBuildConfiguration;
			buildSettings = {
				ALWAYS_SEARCH_USER_PATHS = NO;
				CLANG_ANALYZER_NONNULL = YES;
				CLANG_CXX_LANGUAGE_STANDARD = "gnu++0x";
				CLANG_CXX_LIBRARY = "libc++";
				CLANG_ENABLE_MODULES = YES;
				CLANG_ENABLE_OBJC_ARC = YES;
				CLANG_WARN_BOOL_CONVERSION = YES;
				CLANG_WARN_CONSTANT_CONVERSION = YES;
				CLANG_WARN_DIRECT_OBJC_ISA_USAGE = YES_ERROR;
				CLANG_WARN_DOCUMENTATION_COMMENTS = YES;
				CLANG_WARN_EMPTY_BODY = YES;
				CLANG_WARN_ENUM_CONVERSION = YES;
				CLANG_WARN_INFINITE_RECURSION = YES;
				CLANG_WARN_INT_CONVERSION = YES;
				CLANG_WARN_OBJC_ROOT_CLASS = YES_ERROR;
				CLANG_WARN_SUSPICIOUS_MOVES = YES;
				CLANG_WARN_UNREACHABLE_CODE = YES;
				CLANG_WARN__DUPLICATE_METHOD_MATCH = YES;
				"CODE_SIGN_IDENTITY[sdk=iphoneos*]" = "iPhone Developer";
				COPY_PHASE_STRIP = NO;
				DEBUG_INFORMATION_FORMAT = dwarf;
				ENABLE_STRICT_OBJC_MSGSEND = YES;
				ENABLE_TESTABILITY = YES;
				GCC_C_LANGUAGE_STANDARD = gnu99;
				GCC_DYNAMIC_NO_PIC = NO;
				GCC_NO_COMMON_BLOCKS = YES;
				GCC_OPTIMIZATION_LEVEL = 0;
				GCC_PREPROCESSOR_DEFINITIONS = (
					"DEBUG=1",
					"$(inherited)",
				);
				GCC_WARN_64_TO_32_BIT_CONVERSION = YES;
				GCC_WARN_ABOUT_RETURN_TYPE = YES_ERROR;
				GCC_WARN_UNDECLARED_SELECTOR = YES;
				GCC_WARN_UNINITIALIZED_AUTOS = YES_AGGRESSIVE;
				GCC_WARN_UNUSED_FUNCTION = YES;
				GCC_WARN_UNUSED_VARIABLE = YES;
				IPHONEOS_DEPLOYMENT_TARGET = 10.1;
				MTL_ENABLE_DEBUG_INFO = YES;
				ONLY_ACTIVE_ARCH = YES;
				SDKROOT = iphoneos;
				SWIFT_ACTIVE_COMPILATION_CONDITIONS = DEBUG;
				SWIFT_OPTIMIZATION_LEVEL = "-Onone";
				TARGETED_DEVICE_FAMILY = "1,2";
			};
			name = Debug;
		};
		178D571C1DAAC015001F5562 /* Release */ = {
			isa = XCBuildConfiguration;
			buildSettings = {
				ALWAYS_SEARCH_USER_PATHS = NO;
				CLANG_ANALYZER_NONNULL = YES;
				CLANG_CXX_LANGUAGE_STANDARD = "gnu++0x";
				CLANG_CXX_LIBRARY = "libc++";
				CLANG_ENABLE_MODULES = YES;
				CLANG_ENABLE_OBJC_ARC = YES;
				CLANG_WARN_BOOL_CONVERSION = YES;
				CLANG_WARN_CONSTANT_CONVERSION = YES;
				CLANG_WARN_DIRECT_OBJC_ISA_USAGE = YES_ERROR;
				CLANG_WARN_DOCUMENTATION_COMMENTS = YES;
				CLANG_WARN_EMPTY_BODY = YES;
				CLANG_WARN_ENUM_CONVERSION = YES;
				CLANG_WARN_INFINITE_RECURSION = YES;
				CLANG_WARN_INT_CONVERSION = YES;
				CLANG_WARN_OBJC_ROOT_CLASS = YES_ERROR;
				CLANG_WARN_SUSPICIOUS_MOVES = YES;
				CLANG_WARN_UNREACHABLE_CODE = YES;
				CLANG_WARN__DUPLICATE_METHOD_MATCH = YES;
				"CODE_SIGN_IDENTITY[sdk=iphoneos*]" = "iPhone Developer";
				COPY_PHASE_STRIP = NO;
				DEBUG_INFORMATION_FORMAT = "dwarf-with-dsym";
				ENABLE_NS_ASSERTIONS = NO;
				ENABLE_STRICT_OBJC_MSGSEND = YES;
				GCC_C_LANGUAGE_STANDARD = gnu99;
				GCC_NO_COMMON_BLOCKS = YES;
				GCC_WARN_64_TO_32_BIT_CONVERSION = YES;
				GCC_WARN_ABOUT_RETURN_TYPE = YES_ERROR;
				GCC_WARN_UNDECLARED_SELECTOR = YES;
				GCC_WARN_UNINITIALIZED_AUTOS = YES_AGGRESSIVE;
				GCC_WARN_UNUSED_FUNCTION = YES;
				GCC_WARN_UNUSED_VARIABLE = YES;
				IPHONEOS_DEPLOYMENT_TARGET = 10.1;
				MTL_ENABLE_DEBUG_INFO = NO;
				SDKROOT = iphoneos;
				SWIFT_OPTIMIZATION_LEVEL = "-Owholemodule";
				TARGETED_DEVICE_FAMILY = "1,2";
				VALIDATE_PRODUCT = YES;
			};
			name = Release;
		};
		178D571E1DAAC015001F5562 /* Debug */ = {
			isa = XCBuildConfiguration;
			buildSettings = {
				ASSETCATALOG_COMPILER_APPICON_NAME = AppIcon;
				INFOPLIST_FILE = zip/Info.plist;
				LD_RUNPATH_SEARCH_PATHS = "$(inherited) @executable_path/Frameworks";
				PRODUCT_BUNDLE_IDENTIFIER = m.skogum.zip;
				PRODUCT_NAME = "$(TARGET_NAME)";
				SWIFT_VERSION = 3.0;
			};
			name = Debug;
		};
		178D571F1DAAC015001F5562 /* Release */ = {
			isa = XCBuildConfiguration;
			buildSettings = {
				ASSETCATALOG_COMPILER_APPICON_NAME = AppIcon;
				INFOPLIST_FILE = zip/Info.plist;
				LD_RUNPATH_SEARCH_PATHS = "$(inherited) @executable_path/Frameworks";
				PRODUCT_BUNDLE_IDENTIFIER = m.skogum.zip;
				PRODUCT_NAME = "$(TARGET_NAME)";
				SWIFT_VERSION = 3.0;
			};
			name = Release;
		};
/* End XCBuildConfiguration section */

/* Begin XCConfigurationList section */
		178D57061DAAC013001F5562 /* Build configuration list for PBXProject "zip" */ = {
			isa = XCConfigurationList;
			buildConfigurations = (
				178D571B1DAAC015001F5562 /* Debug */,
				178D571C1DAAC015001F5562 /* Release */,
			);
			defaultConfigurationIsVisible = 0;
			defaultConfigurationName = Release;
		};
		178D571D1DAAC015001F5562 /* Build configuration list for PBXNativeTarget "zip" */ = {
			isa = XCConfigurationList;
			buildConfigurations = (
				178D571E1DAAC015001F5562 /* Debug */,
				178D571F1DAAC015001F5562 /* Release */,
			);
			defaultConfigurationIsVisible = 0;
		};
/* End XCConfigurationList section */
	};
	rootObject = 178D57031DAAC013001F5562 /* Project object */;
}
